
Microsoft Visual Studio Solution File, Format Version 12.00
# Visual Studio 15
VisualStudioVersion = 15.0.27130.2010
MinimumVisualStudioVersion = 10.0.40219.1
Project("{FAE04EC0-301F-11D3-BF4B-00C04F79EFBC}") = "ContosoUniversity", "ContosoUniversity\ContosoUniversity.csproj", "{0D0C7B96-5DD5-493D-85AF-914B4925EDCB}"
EndProject
Global
	GlobalSection(SolutionConfigurationPlatforms) = preSolution
		Debug|Any CPU = Debug|Any CPU
		Release|Any CPU = Release|Any CPU
	EndGlobalSection
	GlobalSection(ProjectConfigurationPlatforms) = postSolution
		{0D0C7B96-5DD5-493D-85AF-914B4925EDCB}.Debug|Any CPU.ActiveCfg = Debug|Any CPU
		{0D0C7B96-5DD5-493D-85AF-914B4925EDCB}.Debug|Any CPU.Build.0 = Debug|Any CPU
		{0D0C7B96-5DD5-493D-85AF-914B4925EDCB}.Release|Any CPU.ActiveCfg = Release|Any CPU
		{0D0C7B96-5DD5-493D-85AF-914B4925EDCB}.Release|Any CPU.Build.0 = Release|Any CPU
	EndGlobalSection
	GlobalSection(SolutionProperties) = preSolution
		HideSolutionNode = FALSE
	EndGlobalSection
	GlobalSection(ExtensibilityGlobals) = postSolution
		SolutionGuid = {B7B1AB03-7778-4C98-B4D5-158A6C5CBB16}
	EndGlobalSection
EndGlobal
